
Microsoft Visual Studio Solution File, Format Version 12.00
# Visual Studio 14
VisualStudioVersion = 14.0.22310.1
MinimumVisualStudioVersion = 10.0.40219.1
Project("{FAE04EC0-301F-11D3-BF4B-00C04F79EFBC}") = "MetroTools", "MetroTools\MetroTools.csproj", "{DA527EF2-C042-4D79-8740-B31355EC22F4}"
EndProject
Project("{FAE04EC0-301F-11D3-BF4B-00C04F79EFBC}") = "LibHive", "LibHive\LibHive.csproj", "{2D7BFCB8-A913-4D15-A449-085C4B603246}"
EndProject
Global
	GlobalSection(SolutionConfigurationPlatforms) = preSolution
		Debug|Any CPU = Debug|Any CPU
		Release|Any CPU = Release|Any CPU
	EndGlobalSection
	GlobalSection(ProjectConfigurationPlatforms) = postSolution
		{DA527EF2-C042-4D79-8740-B31355EC22F4}.Debug|Any CPU.ActiveCfg = Debug|Any CPU
		{DA527EF2-C042-4D79-8740-B31355EC22F4}.Debug|Any CPU.Build.0 = Debug|Any CPU
		{DA527EF2-C042-4D79-8740-B31355EC22F4}.Release|Any CPU.ActiveCfg = Release|Any CPU
		{DA527EF2-C042-4D79-8740-B31355EC22F4}.Release|Any CPU.Build.0 = Release|Any CPU
		{2D7BFCB8-A913-4D15-A449-085C4B603246}.Debug|Any CPU.ActiveCfg = Debug|Any CPU
		{2D7BFCB8-A913-4D15-A449-085C4B603246}.Debug|Any CPU.Build.0 = Debug|Any CPU
		{2D7BFCB8-A913-4D15-A449-085C4B603246}.Release|Any CPU.ActiveCfg = Release|Any CPU
		{2D7BFCB8-A913-4D15-A449-085C4B603246}.Release|Any CPU.Build.0 = Release|Any CPU
	EndGlobalSection
	GlobalSection(SolutionProperties) = preSolution
		HideSolutionNode = FALSE
	EndGlobalSection
EndGlobal
